<Project xmlns="http://schemas.microsoft.com/developer/msbuild/2003">
    <PropertyGroup>
        <ProjectGuid>{D647D3CF-B729-46ED-9C90-C5505E01DFE2}</ProjectGuid>
        <ProjectVersion>15.4</ProjectVersion>
        <FrameworkType>VCL</FrameworkType>
        <MainSource>ProjectDiplayAddressPointer.dpr</MainSource>
        <Base>True</Base>
        <Config Condition="'$(Config)'==''">Debug</Config>
        <Platform Condition="'$(Platform)'==''">Win32</Platform>
        <TargetedPlatforms>1</TargetedPlatforms>
        <AppType>Application</AppType>
    </PropertyGroup>
    <PropertyGroup Condition="'$(Config)'=='Base' or '$(Base)'!=''">
        <Base>true</Base>
    </PropertyGroup>
    <PropertyGroup Condition="('$(Platform)'=='Win32' and '$(Base)'=='true') or '$(Base_Win32)'!=''">
        <Base_Win32>true</Base_Win32>
        <CfgParent>Base</CfgParent>
        <Base>true</Base>
    </PropertyGroup>
    <PropertyGroup Condition="('$(Platform)'=='Win64' and '$(Base)'=='true') or '$(Base_Win64)'!=''">
        <Base_Win64>true</Base_Win64>
        <CfgParent>Base</CfgParent>
        <Base>true</Base>
    </PropertyGroup>
    <PropertyGroup Condition="'$(Config)'=='Debug' or '$(Cfg_1)'!=''">
        <Cfg_1>true</Cfg_1>
        <CfgParent>Base</CfgParent>
        <Base>true</Base>
    </PropertyGroup>
    <PropertyGroup Condition="('$(Platform)'=='Win32' and '$(Cfg_1)'=='true') or '$(Cfg_1_Win32)'!=''">
        <Cfg_1_Win32>true</Cfg_1_Win32>
        <CfgParent>Cfg_1</CfgParent>
        <Cfg_1>true</Cfg_1>
        <Base>true</Base>
    </PropertyGroup>
    <PropertyGroup Condition="'$(Config)'=='Release' or '$(Cfg_2)'!=''">
        <Cfg_2>true</Cfg_2>
        <CfgParent>Base</CfgParent>
        <Base>true</Base>
    </PropertyGroup>
    <PropertyGroup Condition="'$(Base)'!=''">
        <SanitizedProjectName>ProjectDiplayAddressPointer</SanitizedProjectName>
        <DCC_Namespace>System;Xml;Data;Datasnap;Web;Soap;Vcl;Vcl.Imaging;Vcl.Touch;Vcl.Samples;Vcl.Shell;$(DCC_Namespace)</DCC_Namespace>
        <Icon_MainIcon>$(BDS)\bin\delphi_PROJECTICON.ico</Icon_MainIcon>
        <DCC_DcuOutput>.\$(Platform)\$(Config)</DCC_DcuOutput>
        <DCC_ExeOutput>.\$(Platform)\$(Config)</DCC_ExeOutput>
        <DCC_E>false</DCC_E>
        <DCC_N>false</DCC_N>
        <DCC_S>false</DCC_S>
        <DCC_F>false</DCC_F>
        <DCC_K>false</DCC_K>
    </PropertyGroup>
    <PropertyGroup Condition="'$(Base_Win32)'!=''">
        <VerInfo_IncludeVerInfo>true</VerInfo_IncludeVerInfo>
        <Manifest_File>$(BDS)\bin\default_app.manifest</Manifest_File>
        <DCC_Namespace>Winapi;System.Win;Data.Win;Datasnap.Win;Web.Win;Soap.Win;Xml.Win;Bde;$(DCC_Namespace)</DCC_Namespace>
        <VerInfo_Keys>CompanyName=;FileDescription=;FileVersion=1.0.0.0;InternalName=;LegalCopyright=;LegalTrademarks=;OriginalFilename=;ProductName=;ProductVersion=1.0.0.0;Comments=</VerInfo_Keys>
        <DCC_UsePackage>dxBarRS18;dxGDIPlusRS18;dxPSCoreRS18;dxPScxPCProdRS18;FireDACSqliteDriver;dxLayoutControlRS18;FireDACDSDriver;cxTreeListRS18;DBXSqliteDriver;dxDockingRS18;FireDACPgDriver;dxThemeRS18;dxPSdxOCLnkRS18;fmx;IndySystem;TeeDB;tethering;inetdbbde;vclib;DBXInterBaseDriver;DataSnapClient;DataSnapServer;DataSnapCommon;cxTreeListdxBarPopupMenuRS18;dxPScxTLLnkRS18;cxSchedulerGridRS18;dxtrmdRS18;DataSnapProviderClient;DBXSybaseASEDriver;DbxCommonDriver;vclimg;dbxcds;dxTabbedMDIRS18;DatasnapConnectorsFreePascal;MetropolisUILiveTile;vcldb;cxExportRS18;vcldsnap;dxPSLnksRS18;dxPScxPivotGridLnkRS18;fmxFireDAC;DBXDb2Driver;dxPScxSSLnkRS18;DBXOracleDriver;CustomIPTransport;dxServerModeRS18;vclribbon;dxdborRS18;dsnap;IndyIPServer;fmxase;vcl;IndyCore;cxVerticalGridRS18;DBXMSSQLDriver;IndyIPCommon;CloudService;FmxTeeUI;FireDACIBDriver;CodeSiteExpressPkg;dxADOServerModeRS18;cxPivotGridChartRS18;DataSnapFireDAC;FireDACDBXDriver;dxPSdxDBOCLnkRS18;dxPScxExtCommonRS18;soapserver;inetdbxpress;cxEditorsRS18;cxPageControldxBarPopupMenuRS18;cxSchedulerRS18;dsnapxml;cxLibraryRS18;FireDACInfxDriver;FireDACDb2Driver;dxSpellCheckerRS18;dxPScxGridLnkRS18;dxPScxVGridLnkRS18;adortl;dxRibbonRS18;FireDACASADriver;dxPSdxDBTVLnkRS18;bindcompfmx;vcldbx;cxBarEditItemRS18;FireDACODBCDriver;RESTBackendComponents;cxPageControlRS18;rtl;dbrtl;DbxClientDriver;FireDACCommon;bindcomp;inetdb;Tee;DBXOdbcDriver;vclFireDAC;xmlrtl;DataSnapNativeClient;svnui;ibxpress;dxDBXServerModeRS18;IndyProtocols;DBXMySQLDriver;dxBarExtItemsRS18;FireDACCommonDriver;dxFlowChartRS18;bindcompdbx;bindengine;vclactnband;soaprtl;FMXTee;TeeUI;bindcompvcl;dxPsPrVwAdvRS18;cxSpreadSheetRS18;cxPivotGridRS18;vclie;dxmdsRS18;FireDACADSDriver;vcltouch;dxBarDBNavRS18;dxTileControlRS18;dxPSPrVwRibbonRS18;dxPSdxFCLnkRS18;dxComnRS18;VclSmp;FireDACMSSQLDriver;FireDAC;DBXInformixDriver;Intraweb;VCLRESTComponents;dxBarExtDBItemsRS18;DataSnapConnectors;cxGridRS18;DataSnapServerMidas;dxNavBarRS18;dxdbtrRS18;dxPScxSchedulerLnkRS18;dsnapcon;DBXFirebirdDriver;inet;dxCoreRS18;fmxobj;dxPScxCommonRS18;FireDACMySQLDriver;soapmidas;vclx;svn;DBXSybaseASADriver;dxorgcRS18;FireDACOracleDriver;fmxdae;RESTComponents;cxDataRS18;cxPivotGridOLAPRS18;bdertl;dxPSdxLCLnkRS18;FireDACMSAccDriver;dbexpress;DataSnapIndy10ServerTransport;IndyIPClient;$(DCC_UsePackage)</DCC_UsePackage>
        <VerInfo_Locale>1033</VerInfo_Locale>
    </PropertyGroup>
    <PropertyGroup Condition="'$(Base_Win64)'!=''">
        <DCC_UsePackage>dxBarRS18;dxGDIPlusRS18;dxPSCoreRS18;FireDACSqliteDriver;dxLayoutControlRS18;FireDACDSDriver;cxTreeListRS18;DBXSqliteDriver;dxDockingRS18;FireDACPgDriver;dxThemeRS18;dxPSdxOCLnkRS18;fmx;IndySystem;TeeDB;tethering;vclib;DBXInterBaseDriver;DataSnapClient;DataSnapServer;DataSnapCommon;cxTreeListdxBarPopupMenuRS18;dxPScxTLLnkRS18;cxSchedulerGridRS18;dxtrmdRS18;DataSnapProviderClient;DBXSybaseASEDriver;DbxCommonDriver;vclimg;dbxcds;dxTabbedMDIRS18;DatasnapConnectorsFreePascal;MetropolisUILiveTile;vcldb;cxExportRS18;vcldsnap;dxPSLnksRS18;dxPScxPivotGridLnkRS18;fmxFireDAC;DBXDb2Driver;dxPScxSSLnkRS18;DBXOracleDriver;CustomIPTransport;dxServerModeRS18;vclribbon;dxdborRS18;dsnap;IndyIPServer;fmxase;vcl;IndyCore;cxVerticalGridRS18;DBXMSSQLDriver;IndyIPCommon;CloudService;FmxTeeUI;FireDACIBDriver;dxADOServerModeRS18;cxPivotGridChartRS18;DataSnapFireDAC;FireDACDBXDriver;dxPSdxDBOCLnkRS18;dxPScxExtCommonRS18;soapserver;inetdbxpress;cxEditorsRS18;cxPageControldxBarPopupMenuRS18;cxSchedulerRS18;dsnapxml;cxLibraryRS18;FireDACInfxDriver;FireDACDb2Driver;dxSpellCheckerRS18;dxPScxGridLnkRS18;dxPScxVGridLnkRS18;adortl;dxRibbonRS18;FireDACASADriver;dxPSdxDBTVLnkRS18;bindcompfmx;cxBarEditItemRS18;FireDACODBCDriver;RESTBackendComponents;cxPageControlRS18;rtl;dbrtl;DbxClientDriver;FireDACCommon;bindcomp;inetdb;Tee;DBXOdbcDriver;vclFireDAC;xmlrtl;DataSnapNativeClient;ibxpress;dxDBXServerModeRS18;IndyProtocols;DBXMySQLDriver;dxBarExtItemsRS18;FireDACCommonDriver;dxFlowChartRS18;bindcompdbx;bindengine;vclactnband;soaprtl;FMXTee;TeeUI;bindcompvcl;dxPsPrVwAdvRS18;cxSpreadSheetRS18;cxPivotGridRS18;vclie;dxmdsRS18;FireDACADSDriver;vcltouch;dxBarDBNavRS18;dxTileControlRS18;dxPSPrVwRibbonRS18;dxPSdxFCLnkRS18;dxComnRS18;VclSmp;FireDACMSSQLDriver;FireDAC;DBXInformixDriver;Intraweb;VCLRESTComponents;dxBarExtDBItemsRS18;DataSnapConnectors;cxGridRS18;DataSnapServerMidas;dxNavBarRS18;dxdbtrRS18;dxPScxSchedulerLnkRS18;dsnapcon;DBXFirebirdDriver;inet;dxCoreRS18;fmxobj;dxPScxCommonRS18;FireDACMySQLDriver;soapmidas;vclx;DBXSybaseASADriver;dxorgcRS18;FireDACOracleDriver;fmxdae;RESTComponents;cxDataRS18;cxPivotGridOLAPRS18;dxPSdxLCLnkRS18;FireDACMSAccDriver;dbexpress;DataSnapIndy10ServerTransport;IndyIPClient;$(DCC_UsePackage)</DCC_UsePackage>
    </PropertyGroup>
    <PropertyGroup Condition="'$(Cfg_1)'!=''">
        <DCC_Define>DEBUG;$(DCC_Define)</DCC_Define>
        <DCC_DebugDCUs>true</DCC_DebugDCUs>
        <DCC_Optimize>false</DCC_Optimize>
        <DCC_GenerateStackFrames>true</DCC_GenerateStackFrames>
        <DCC_DebugInfoInExe>true</DCC_DebugInfoInExe>
        <DCC_RemoteDebug>true</DCC_RemoteDebug>
    </PropertyGroup>
    <PropertyGroup Condition="'$(Cfg_1_Win32)'!=''">
        <DCC_RemoteDebug>false</DCC_RemoteDebug>
    </PropertyGroup>
    <PropertyGroup Condition="'$(Cfg_2)'!=''">
        <DCC_LocalDebugSymbols>false</DCC_LocalDebugSymbols>
        <DCC_Define>RELEASE;$(DCC_Define)</DCC_Define>
        <DCC_SymbolReferenceInfo>0</DCC_SymbolReferenceInfo>
        <DCC_DebugInformation>0</DCC_DebugInformation>
    </PropertyGroup>
    <ItemGroup>
        <DelphiCompile Include="$(MainSource)">
            <MainSource>MainSource</MainSource>
        </DelphiCompile>
        <DCCReference Include="MainDiplayAddressPointer.pas">
            <Form>Form1</Form>
            <FormType>dfm</FormType>
        </DCCReference>
        <DCCReference Include="DiplayAddressPointer.pas"/>
        <BuildConfiguration Include="Release">
            <Key>Cfg_2</Key>
            <CfgParent>Base</CfgParent>
        </BuildConfiguration>
        <BuildConfiguration Include="Base">
            <Key>Base</Key>
        </BuildConfiguration>
        <BuildConfiguration Include="Debug">
            <Key>Cfg_1</Key>
            <CfgParent>Base</CfgParent>
        </BuildConfiguration>
    </ItemGroup>
    <ProjectExtensions>
        <Borland.Personality>Delphi.Personality.12</Borland.Personality>
        <Borland.ProjectType/>
        <BorlandProject>
            <Delphi.Personality>
                <Source>
                    <Source Name="MainSource">ProjectDiplayAddressPointer.dpr</Source>
                </Source>
            </Delphi.Personality>
            <Deployment/>
            <Platforms>
                <Platform value="Win32">True</Platform>
                <Platform value="Win64">False</Platform>
            </Platforms>
        </BorlandProject>
        <ProjectFileVersion>12</ProjectFileVersion>
    </ProjectExtensions>
    <Import Project="$(BDS)\Bin\CodeGear.Delphi.Targets" Condition="Exists('$(BDS)\Bin\CodeGear.Delphi.Targets')"/>
    <Import Project="$(APPDATA)\Embarcadero\$(BDSAPPDATABASEDIR)\$(PRODUCTVERSION)\UserTools.proj" Condition="Exists('$(APPDATA)\Embarcadero\$(BDSAPPDATABASEDIR)\$(PRODUCTVERSION)\UserTools.proj')"/>
</Project>
